
Microsoft Visual Studio Solution File, Format Version 12.00
# Visual Studio 2012
Project("{FAE04EC0-301F-11D3-BF4B-00C04F79EFBC}") = "ColorMatrix", "ColorMatrix\ColorMatrix.csproj", "{5ED0B013-43D7-4CA0-AA78-6F0CCD8587AD}"
EndProject
Global
	GlobalSection(SolutionConfigurationPlatforms) = preSolution
		Debug|Any CPU = Debug|Any CPU
		Release|Any CPU = Release|Any CPU
	EndGlobalSection
	GlobalSection(ProjectConfigurationPlatforms) = postSolution
		{5ED0B013-43D7-4CA0-AA78-6F0CCD8587AD}.Debug|Any CPU.ActiveCfg = Debug|Any CPU
		{5ED0B013-43D7-4CA0-AA78-6F0CCD8587AD}.Debug|Any CPU.Build.0 = Debug|Any CPU
		{5ED0B013-43D7-4CA0-AA78-6F0CCD8587AD}.Release|Any CPU.ActiveCfg = Release|Any CPU
		{5ED0B013-43D7-4CA0-AA78-6F0CCD8587AD}.Release|Any CPU.Build.0 = Release|Any CPU
	EndGlobalSection
	GlobalSection(SolutionProperties) = preSolution
		HideSolutionNode = FALSE
	EndGlobalSection
EndGlobal
